
Microsoft Visual Studio Solution File, Format Version 12.00
# Visual Studio Version 17
VisualStudioVersion = 17.13.35825.156
MinimumVisualStudioVersion = 10.0.40219.1
Project("{FAE04EC0-301F-11D3-BF4B-00C04F79EFBC}") = "GamePadCMS_Website", "GamePadCMS_Website.csproj", "{CEDF3683-D490-4A0C-B6CE-3672B761D26D}"
EndProject
Global
	GlobalSection(SolutionConfigurationPlatforms) = preSolution
		Debug|Any CPU = Debug|Any CPU
		Release|Any CPU = Release|Any CPU
	EndGlobalSection
	GlobalSection(ProjectConfigurationPlatforms) = postSolution
		{CEDF3683-D490-4A0C-B6CE-3672B761D26D}.Debug|Any CPU.ActiveCfg = Debug|Any CPU
		{CEDF3683-D490-4A0C-B6CE-3672B761D26D}.Debug|Any CPU.Build.0 = Debug|Any CPU
		{CEDF3683-D490-4A0C-B6CE-3672B761D26D}.Release|Any CPU.ActiveCfg = Release|Any CPU
		{CEDF3683-D490-4A0C-B6CE-3672B761D26D}.Release|Any CPU.Build.0 = Release|Any CPU
	EndGlobalSection
	GlobalSection(SolutionProperties) = preSolution
		HideSolutionNode = FALSE
	EndGlobalSection
	GlobalSection(ExtensibilityGlobals) = postSolution
		SolutionGuid = {24EB2668-2B34-4965-AD28-1FD026929152}
	EndGlobalSection
EndGlobal
